# This file is automatically @generated by Cargo.
# It is not intended for manual editing.
[[package]]
name = "algo"
version = "0.1.0"
dependencies = [
 "lazy_static",
 "mockiato",
]

[[package]]
name = "heck"
version = "0.3.1"
source = "registry+https://github.com/rust-lang/crates.io-index"
checksum = "20564e78d53d2bb135c343b3f47714a56af2061f1c928fdb541dc7b9fdd94205"
dependencies = [
 "unicode-segmentation",
]

[[package]]
name = "lazy_static"
version = "1.4.0"
source = "registry+https://github.com/rust-lang/crates.io-index"
checksum = "e2abad23fbc42b3700f2f279844dc832adb2b2eb069b2df918f455c4e18cc646"

[[package]]
name = "mockiato"
version = "0.9.5"
source = "registry+https://github.com/rust-lang/crates.io-index"
checksum = "32ab84f0c1bf24789b915accc69d662674a87df893f38fd08c36375acdbcf83c"
dependencies = [
 "mockiato-codegen",
 "nameof",
 "nearly_eq",
 "rustc_version",
]

[[package]]
name = "mockiato-codegen"
version = "0.9.5"
source = "registry+https://github.com/rust-lang/crates.io-index"
checksum = "1d0ea1407c509b9cf6e0eb0d92e97063b24dd73d5a2f12c49c40ee209f15594b"
dependencies = [
 "heck",
 "proc-macro2",
 "quote",
 "rustc_version",
 "syn",
]

[[package]]
name = "nameof"
version = "1.2.0"
source = "registry+https://github.com/rust-lang/crates.io-index"
checksum = "7bb16d96257535632d01239d045a5dbb9692822d3486ade03c51b7b03c9bd8ad"

[[package]]
name = "nearly_eq"
version = "0.2.4"
source = "registry+https://github.com/rust-lang/crates.io-index"
checksum = "a629868a433328c35d654e1e1fb4648a68a042e3c71de4e507a9bcf4602c5635"

[[package]]
name = "proc-macro2"
version = "1.0.17"
source = "registry+https://github.com/rust-lang/crates.io-index"
checksum = "1502d12e458c49a4c9cbff560d0fe0060c252bc29799ed94ca2ed4bb665a0101"
dependencies = [
 "unicode-xid",
]

[[package]]
name = "quote"
version = "1.0.6"
source = "registry+https://github.com/rust-lang/crates.io-index"
checksum = "54a21852a652ad6f610c9510194f398ff6f8692e334fd1145fed931f7fbe44ea"
dependencies = [
 "proc-macro2",
]

[[package]]
name = "rustc_version"
version = "0.2.3"
source = "registry+https://github.com/rust-lang/crates.io-index"
checksum = "138e3e0acb6c9fb258b19b67cb8abd63c00679d2851805ea151465464fe9030a"
dependencies = [
 "semver",
]

[[package]]
name = "semver"
version = "0.9.0"
source = "registry+https://github.com/rust-lang/crates.io-index"
checksum = "1d7eb9ef2c18661902cc47e535f9bc51b78acd254da71d375c2f6720d9a40403"
dependencies = [
 "semver-parser",
]

[[package]]
name = "semver-parser"
version = "0.7.0"
source = "registry+https://github.com/rust-lang/crates.io-index"
checksum = "388a1df253eca08550bef6c72392cfe7c30914bf41df5269b68cbd6ff8f570a3"

[[package]]
name = "syn"
version = "1.0.28"
source = "registry+https://github.com/rust-lang/crates.io-index"
checksum = "e7e33a62f20d3dc02a1bc9c1d385f92b459bbf35e4dc325eed20c53db5b90c03"
dependencies = [
 "proc-macro2",
 "quote",
 "unicode-xid",
]

[[package]]
name = "unicode-segmentation"
version = "1.6.0"
source = "registry+https://github.com/rust-lang/crates.io-index"
checksum = "e83e153d1053cbb5a118eeff7fd5be06ed99153f00dbcd8ae310c5fb2b22edc0"

[[package]]
name = "unicode-xid"
version = "0.2.0"
source = "registry+https://github.com/rust-lang/crates.io-index"
checksum = "826e7639553986605ec5979c7dd957c7895e93eabed50ab2ffa7f6128a75097c"
